
Microsoft Visual Studio Solution File, Format Version 12.00
# Visual Studio 15
VisualStudioVersion = 15.0.28307.168
MinimumVisualStudioVersion = 10.0.40219.1
Project("{FAE04EC0-301F-11D3-BF4B-00C04F79EFBC}") = "DIS-HelloWorld", "DIS-HelloWorld\DIS-HelloWorld.csproj", "{33924789-8306-4D0B-9674-DF0367A1E0A3}"
EndProject
Global
	GlobalSection(SolutionConfigurationPlatforms) = preSolution
		Debug|Any CPU = Debug|Any CPU
		Release|Any CPU = Release|Any CPU
	EndGlobalSection
	GlobalSection(ProjectConfigurationPlatforms) = postSolution
		{33924789-8306-4D0B-9674-DF0367A1E0A3}.Debug|Any CPU.ActiveCfg = Debug|Any CPU
		{33924789-8306-4D0B-9674-DF0367A1E0A3}.Debug|Any CPU.Build.0 = Debug|Any CPU
		{33924789-8306-4D0B-9674-DF0367A1E0A3}.Release|Any CPU.ActiveCfg = Release|Any CPU
		{33924789-8306-4D0B-9674-DF0367A1E0A3}.Release|Any CPU.Build.0 = Release|Any CPU
	EndGlobalSection
	GlobalSection(SolutionProperties) = preSolution
		HideSolutionNode = FALSE
	EndGlobalSection
	GlobalSection(ExtensibilityGlobals) = postSolution
		SolutionGuid = {5B822AC8-F2E8-47A4-9488-73D99779F50B}
	EndGlobalSection
EndGlobal
